
Microsoft Visual Studio Solution File, Format Version 12.00
# Visual Studio 15
VisualStudioVersion = 15.0.28010.2048
MinimumVisualStudioVersion = 10.0.40219.1
Project("{FAE04EC0-301F-11D3-BF4B-00C04F79EFBC}") = "TShirts", "TShirts\TShirts.csproj", "{4882316B-30A9-421D-8548-35BC4B0CC2D6}"
EndProject
Global
	GlobalSection(SolutionConfigurationPlatforms) = preSolution
		Debug|Any CPU = Debug|Any CPU
		Release|Any CPU = Release|Any CPU
	EndGlobalSection
	GlobalSection(ProjectConfigurationPlatforms) = postSolution
		{4882316B-30A9-421D-8548-35BC4B0CC2D6}.Debug|Any CPU.ActiveCfg = Debug|Any CPU
		{4882316B-30A9-421D-8548-35BC4B0CC2D6}.Debug|Any CPU.Build.0 = Debug|Any CPU
		{4882316B-30A9-421D-8548-35BC4B0CC2D6}.Release|Any CPU.ActiveCfg = Release|Any CPU
		{4882316B-30A9-421D-8548-35BC4B0CC2D6}.Release|Any CPU.Build.0 = Release|Any CPU
	EndGlobalSection
	GlobalSection(SolutionProperties) = preSolution
		HideSolutionNode = FALSE
	EndGlobalSection
	GlobalSection(ExtensibilityGlobals) = postSolution
		SolutionGuid = {0DABE924-24CD-4F35-89CC-6ED5F5654E38}
	EndGlobalSection
EndGlobal
